{
    "_readme": [
        "This file locks the dependencies of your project to a known state",
        "Read more about it at https://getcomposer.org/doc/01-basic-usage.md#composer-lock-the-lock-file",
        "This file is @generated automatically"
    ],
    "content-hash": "7b79cc4172e21f836037ed64c8a85099",
    "packages": [
        {
            "name": "composer/semver",
            "version": "1.4.2",
            "source": {
                "type": "git",
                "url": "https://github.com/composer/semver.git",
                "reference": "c7cb9a2095a074d131b65a8a0cd294479d785573"
            },
            "dist": {
                "type": "zip",
                "url": "https://api.github.com/repos/composer/semver/zipball/c7cb9a2095a074d131b65a8a0cd294479d785573",
                "reference": "c7cb9a2095a074d131b65a8a0cd294479d785573",
                "shasum": ""
            },
            "require": {
                "php": "^5.3.2 || ^7.0"
            },
            "require-dev": {
                "phpunit/phpunit": "^4.5 || ^5.0.5",
                "phpunit/phpunit-mock-objects": "2.3.0 || ^3.0"
            },
            "type": "library",
            "extra": {
                "branch-alias": {
                    "dev-master": "1.x-dev"
                }
            },
            "autoload": {
                "psr-4": {
                    "Composer\\Semver\\": "src"
                }
            },
            "notification-url": "https://packagist.org/downloads/",
            "license": [
                "MIT"
            ],
            "authors": [
                {
                    "name": "Nils Adermann",
                    "email": "naderman@naderman.de",
                    "homepage": "http://www.naderman.de"
                },
                {
                    "name": "Jordi Boggiano",
                    "email": "j.boggiano@seld.be",
                    "homepage": "http://seld.be"
                },
                {
                    "name": "Rob Bast",
                    "email": "rob.bast@gmail.com",
                    "homepage": "http://robbast.nl"
                }
            ],
            "description": "Semver library that offers utilities, version constraint parsing and validation.",
            "keywords": [
                "semantic",
                "semver",
                "validation",
                "versioning"
            ],
            "time": "2016-08-30T16:08:34+00:00"
        },
        {
            "name": "dflydev/dot-access-data",
            "version": "v1.1.0",
            "source": {
                "type": "git",
                "url": "https://github.com/dflydev/dflydev-dot-access-data.git",
                "reference": "3fbd874921ab2c041e899d044585a2ab9795df8a"
            },
            "dist": {
                "type": "zip",
                "url": "https://api.github.com/repos/dflydev/dflydev-dot-access-data/zipball/3fbd874921ab2c041e899d044585a2ab9795df8a",
                "reference": "3fbd874921ab2c041e899d044585a2ab9795df8a",
                "shasum": ""
            },
            "require": {
                "php": ">=5.3.2"
            },
            "type": "library",
            "extra": {
                "branch-alias": {
                    "dev-master": "1.0-dev"
                }
            },
            "autoload": {
                "psr-0": {
                    "Dflydev\\DotAccessData": "src"
                }
            },
            "notification-url": "https://packagist.org/downloads/",
            "license": [
                "MIT"
            ],
            "authors": [
                {
                    "name": "Dragonfly Development Inc.",
                    "email": "info@dflydev.com",
                    "homepage": "http://dflydev.com"
                },
                {
                    "name": "Beau Simensen",
                    "email": "beau@dflydev.com",
                    "homepage": "http://beausimensen.com"
                },
                {
                    "name": "Carlos Frutos",
                    "email": "carlos@kiwing.it",
                    "homepage": "https://github.com/cfrutos"
                }
            ],
            "description": "Given a deep data structure, access data by dot notation.",
            "homepage": "https://github.com/dflydev/dflydev-dot-access-data",
            "keywords": [
                "access",
                "data",
                "dot",
                "notation"
            ],
            "time": "2017-01-20T21:14:22+00:00"
        },
        {
            "name": "gossi/docblock",
            "version": "v1.6",
            "source": {
                "type": "git",
                "url": "https://github.com/gossi/docblock.git",
                "reference": "d7e2f299279f5aebbfddeef1c119e26bef4bc7e9"
            },
            "dist": {
                "type": "zip",
                "url": "https://api.github.com/repos/gossi/docblock/zipball/d7e2f299279f5aebbfddeef1c119e26bef4bc7e9",
                "reference": "d7e2f299279f5aebbfddeef1c119e26bef4bc7e9",
                "shasum": ""
            },
            "require": {
                "phootwork/collection": "^1.5",
                "php": ">=5.6"
            },
            "require-dev": {
                "phpunit/phpunit": "^5.7",
                "sami/sami": "^4|^3"
            },
            "type": "library",
            "autoload": {
                "psr-4": {
                    "gossi\\docblock\\": "src"
                }
            },
            "notification-url": "https://packagist.org/downloads/",
            "license": [
                "MIT"
            ],
            "authors": [
                {
                    "name": "Thomas Gossmann",
                    "homepage": "http://gos.si"
                }
            ],
            "description": "PHP Docblock parser and generator. An API to read and write Docblocks.",
            "keywords": [
                "docblock",
                "generator",
                "parser"
            ],
            "time": "2017-07-01T18:10:54+00:00"
        },
        {
            "name": "league/flysystem",
            "version": "1.0.45",
            "source": {
                "type": "git",
                "url": "https://github.com/thephpleague/flysystem.git",
                "reference": "a99f94e63b512d75f851b181afcdf0ee9ebef7e6"
            },
            "dist": {
                "type": "zip",
                "url": "https://api.github.com/repos/thephpleague/flysystem/zipball/a99f94e63b512d75f851b181afcdf0ee9ebef7e6",
                "reference": "a99f94e63b512d75f851b181afcdf0ee9ebef7e6",
                "shasum": ""
            },
            "require": {
                "php": ">=5.5.9"
            },
            "conflict": {
                "league/flysystem-sftp": "<1.0.6"
            },
            "require-dev": {
                "ext-fileinfo": "*",
                "phpspec/phpspec": "^3.4",
                "phpunit/phpunit": "^5.7"
            },
            "suggest": {
                "ext-fileinfo": "Required for MimeType",
                "ext-ftp": "Allows you to use FTP server storage",
                "ext-openssl": "Allows you to use FTPS server storage",
                "league/flysystem-aws-s3-v2": "Allows you to use S3 storage with AWS SDK v2",
                "league/flysystem-aws-s3-v3": "Allows you to use S3 storage with AWS SDK v3",
                "league/flysystem-azure": "Allows you to use Windows Azure Blob storage",
                "league/flysystem-cached-adapter": "Flysystem adapter decorator for metadata caching",
                "league/flysystem-eventable-filesystem": "Allows you to use EventableFilesystem",
                "league/flysystem-rackspace": "Allows you to use Rackspace Cloud Files",
                "league/flysystem-sftp": "Allows you to use SFTP server storage via phpseclib",
                "league/flysystem-webdav": "Allows you to use WebDAV storage",
                "league/flysystem-ziparchive": "Allows you to use ZipArchive adapter",
                "spatie/flysystem-dropbox": "Allows you to use Dropbox storage",
                "srmklive/flysystem-dropbox-v2": "Allows you to use Dropbox storage for PHP 5 applications"
            },
            "type": "library",
            "extra": {
                "branch-alias": {
                    "dev-master": "1.1-dev"
                }
            },
            "autoload": {
                "psr-4": {
                    "League\\Flysystem\\": "src/"
                }
            },
            "notification-url": "https://packagist.org/downloads/",
            "license": [
                "MIT"
            ],
            "authors": [
                {
                    "name": "Frank de Jonge",
                    "email": "info@frenky.net"
                }
            ],
            "description": "Filesystem abstraction: Many filesystems, one API.",
            "keywords": [
                "Cloud Files",
                "WebDAV",
                "abstraction",
                "aws",
                "cloud",
                "copy.com",
                "dropbox",
                "file systems",
                "files",
                "filesystem",
                "filesystems",
                "ftp",
                "rackspace",
                "remote",
                "s3",
                "sftp",
                "storage"
            ],
            "time": "2018-05-07T08:44:23+00:00"
        },
        {
            "name": "nicmart/string-template",
            "version": "v0.1.1",
            "source": {
                "type": "git",
                "url": "https://github.com/nicmart/StringTemplate.git",
                "reference": "8761d258a5fd1cbf105a24ffcef8ea36ad158206"
            },
            "dist": {
                "type": "zip",
                "url": "https://api.github.com/repos/nicmart/StringTemplate/zipball/8761d258a5fd1cbf105a24ffcef8ea36ad158206",
                "reference": "8761d258a5fd1cbf105a24ffcef8ea36ad158206",
                "shasum": ""
            },
            "require": {
                "php": ">=5.3.3"
            },
            "require-dev": {
                "phpunit/phpunit": "^4.8",
                "satooshi/php-coveralls": "~1.0"
            },
            "type": "library",
            "autoload": {
                "psr-0": {
                    "StringTemplate": "src/",
                    "StringTemplate\\Test": "tests"
                }
            },
            "notification-url": "https://packagist.org/downloads/",
            "license": [
                "MIT"
            ],
            "authors": [
                {
                    "name": "Nicolò Martini",
                    "email": "nicmartnic@gmail.com"
                }
            ],
            "description": "StringTemplate is a very simple string template engine for php. I've written it to have a thing like sprintf, but with named and nested substutions.",
            "time": "2016-10-23T19:52:41+00:00"
        },
        {
            "name": "ocramius/package-versions",
            "version": "1.3.0",
            "source": {
                "type": "git",
                "url": "https://github.com/Ocramius/PackageVersions.git",
                "reference": "4489d5002c49d55576fa0ba786f42dbb009be46f"
            },
            "dist": {
                "type": "zip",
                "url": "https://api.github.com/repos/Ocramius/PackageVersions/zipball/4489d5002c49d55576fa0ba786f42dbb009be46f",
                "reference": "4489d5002c49d55576fa0ba786f42dbb009be46f",
                "shasum": ""
            },
            "require": {
                "composer-plugin-api": "^1.0.0",
                "php": "^7.1.0"
            },
            "require-dev": {
                "composer/composer": "^1.6.3",
                "ext-zip": "*",
                "infection/infection": "^0.7.1",
                "phpunit/phpunit": "^7.0.0"
            },
            "type": "composer-plugin",
            "extra": {
                "class": "PackageVersions\\Installer",
                "branch-alias": {
                    "dev-master": "2.0.x-dev"
                }
            },
            "autoload": {
                "psr-4": {
                    "PackageVersions\\": "src/PackageVersions"
                }
            },
            "notification-url": "https://packagist.org/downloads/",
            "license": [
                "MIT"
            ],
            "authors": [
                {
                    "name": "Marco Pivetta",
                    "email": "ocramius@gmail.com"
                }
            ],
            "description": "Composer plugin that provides efficient querying for installed package versions (no runtime IO)",
            "time": "2018-02-05T13:05:30+00:00"
        },
        {
            "name": "phootwork/collection",
            "version": "v1.5.0",
            "source": {
                "type": "git",
                "url": "https://github.com/phootwork/collection.git",
                "reference": "08b38d5156390bd93f00e8d1722580f3a0ef82f1"
            },
            "dist": {
                "type": "zip",
                "url": "https://api.github.com/repos/phootwork/collection/zipball/08b38d5156390bd93f00e8d1722580f3a0ef82f1",
                "reference": "08b38d5156390bd93f00e8d1722580f3a0ef82f1",
                "shasum": ""
            },
            "require": {
                "phootwork/lang": "~0",
                "php": ">=5.6"
            },
            "require-dev": {
                "phpunit/phpunit": "^5.7",
                "sami/sami": "^4|^3"
            },
            "type": "library",
            "autoload": {
                "psr-4": {
                    "phootwork\\collection\\": "src"
                }
            },
            "notification-url": "https://packagist.org/downloads/",
            "license": [
                "MIT"
            ],
            "description": "PHP Collections library (List, Set, Map, Queue & Stack)",
            "keywords": [
                "collection",
                "collections",
                "list",
                "map",
                "queue",
                "set",
                "stack"
            ],
            "time": "2017-07-01T11:15:22+00:00"
        },
        {
            "name": "phootwork/lang",
            "version": "v0.8",
            "source": {
                "type": "git",
                "url": "https://github.com/phootwork/lang.git",
                "reference": "a7f45528154bbdcd0eaba58d46298dc355ee5ad8"
            },
            "dist": {
                "type": "zip",
                "url": "https://api.github.com/repos/phootwork/lang/zipball/a7f45528154bbdcd0eaba58d46298dc355ee5ad8",
                "reference": "a7f45528154bbdcd0eaba58d46298dc355ee5ad8",
                "shasum": ""
            },
            "require": {
                "php": ">=5.6"
            },
            "require-dev": {
                "phpunit/phpunit": "^5.7",
                "sami/sami": "^4|^3"
            },
            "type": "library",
            "autoload": {
                "psr-4": {
                    "phootwork\\lang\\": "src"
                }
            },
            "notification-url": "https://packagist.org/downloads/",
            "license": [
                "MIT"
            ],
            "description": "Missing PHP language constructs",
            "keywords": [
                "array",
                "comparator",
                "comparison",
                "string"
            ],
            "time": "2017-07-01T11:52:25+00:00"
        },
        {
            "name": "pimple/pimple",
            "version": "v3.2.3",
            "source": {
                "type": "git",
                "url": "https://github.com/silexphp/Pimple.git",
                "reference": "9e403941ef9d65d20cba7d54e29fe906db42cf32"
            },
            "dist": {
                "type": "zip",
                "url": "https://api.github.com/repos/silexphp/Pimple/zipball/9e403941ef9d65d20cba7d54e29fe906db42cf32",
                "reference": "9e403941ef9d65d20cba7d54e29fe906db42cf32",
                "shasum": ""
            },
            "require": {
                "php": ">=5.3.0",
                "psr/container": "^1.0"
            },
            "require-dev": {
                "symfony/phpunit-bridge": "^3.2"
            },
            "type": "library",
            "extra": {
                "branch-alias": {
                    "dev-master": "3.2.x-dev"
                }
            },
            "autoload": {
                "psr-0": {
                    "Pimple": "src/"
                }
            },
            "notification-url": "https://packagist.org/downloads/",
            "license": [
                "MIT"
            ],
            "authors": [
                {
                    "name": "Fabien Potencier",
                    "email": "fabien@symfony.com"
                }
            ],
            "description": "Pimple, a simple Dependency Injection Container",
            "homepage": "http://pimple.sensiolabs.org",
            "keywords": [
                "container",
                "dependency injection"
            ],
            "time": "2018-01-21T07:42:36+00:00"
        },
        {
            "name": "psr/container",
            "version": "1.0.0",
            "source": {
                "type": "git",
                "url": "https://github.com/php-fig/container.git",
                "reference": "b7ce3b176482dbbc1245ebf52b181af44c2cf55f"
            },
            "dist": {
                "type": "zip",
                "url": "https://api.github.com/repos/php-fig/container/zipball/b7ce3b176482dbbc1245ebf52b181af44c2cf55f",
                "reference": "b7ce3b176482dbbc1245ebf52b181af44c2cf55f",
                "shasum": ""
            },
            "require": {
                "php": ">=5.3.0"
            },
            "type": "library",
            "extra": {
                "branch-alias": {
                    "dev-master": "1.0.x-dev"
                }
            },
            "autoload": {
                "psr-4": {
                    "Psr\\Container\\": "src/"
                }
            },
            "notification-url": "https://packagist.org/downloads/",
            "license": [
                "MIT"
            ],
            "authors": [
                {
                    "name": "PHP-FIG",
                    "homepage": "http://www.php-fig.org/"
                }
            ],
            "description": "Common Container Interface (PHP FIG PSR-11)",
            "homepage": "https://github.com/php-fig/container",
            "keywords": [
                "PSR-11",
                "container",
                "container-interface",
                "container-interop",
                "psr"
            ],
            "time": "2017-02-14T16:28:37+00:00"
        },
        {
            "name": "symfony/console",
            "version": "v4.0.10",
            "source": {
                "type": "git",
                "url": "https://github.com/symfony/console.git",
                "reference": "058f120b8e06ebcd7b211de5ffae07b2db00fbdd"
            },
            "dist": {
                "type": "zip",
                "url": "https://api.github.com/repos/symfony/console/zipball/058f120b8e06ebcd7b211de5ffae07b2db00fbdd",
                "reference": "058f120b8e06ebcd7b211de5ffae07b2db00fbdd",
                "shasum": ""
            },
            "require": {
                "php": "^7.1.3",
                "symfony/polyfill-mbstring": "~1.0"
            },
            "conflict": {
                "symfony/dependency-injection": "<3.4",
                "symfony/process": "<3.3"
            },
            "require-dev": {
                "psr/log": "~1.0",
                "symfony/config": "~3.4|~4.0",
                "symfony/dependency-injection": "~3.4|~4.0",
                "symfony/event-dispatcher": "~3.4|~4.0",
                "symfony/lock": "~3.4|~4.0",
                "symfony/process": "~3.4|~4.0"
            },
            "suggest": {
                "psr/log-implementation": "For using the console logger",
                "symfony/event-dispatcher": "",
                "symfony/lock": "",
                "symfony/process": ""
            },
            "type": "library",
            "extra": {
                "branch-alias": {
                    "dev-master": "4.0-dev"
                }
            },
            "autoload": {
                "psr-4": {
                    "Symfony\\Component\\Console\\": ""
                },
                "exclude-from-classmap": [
                    "/Tests/"
                ]
            },
            "notification-url": "https://packagist.org/downloads/",
            "license": [
                "MIT"
            ],
            "authors": [
                {
                    "name": "Fabien Potencier",
                    "email": "fabien@symfony.com"
                },
                {
                    "name": "Symfony Community",
                    "homepage": "https://symfony.com/contributors"
                }
            ],
            "description": "Symfony Console Component",
            "homepage": "https://symfony.com",
            "time": "2018-05-16T09:05:32+00:00"
        },
        {
            "name": "symfony/polyfill-mbstring",
            "version": "v1.8.0",
            "source": {
                "type": "git",
                "url": "https://github.com/symfony/polyfill-mbstring.git",
                "reference": "3296adf6a6454a050679cde90f95350ad604b171"
            },
            "dist": {
                "type": "zip",
                "url": "https://api.github.com/repos/symfony/polyfill-mbstring/zipball/3296adf6a6454a050679cde90f95350ad604b171",
                "reference": "3296adf6a6454a050679cde90f95350ad604b171",
                "shasum": ""
            },
            "require": {
                "php": ">=5.3.3"
            },
            "suggest": {
                "ext-mbstring": "For best performance"
            },
            "type": "library",
            "extra": {
                "branch-alias": {
                    "dev-master": "1.8-dev"
                }
            },
            "autoload": {
                "psr-4": {
                    "Symfony\\Polyfill\\Mbstring\\": ""
                },
                "files": [
                    "bootstrap.php"
                ]
            },
            "notification-url": "https://packagist.org/downloads/",
            "license": [
                "MIT"
            ],
            "authors": [
                {
                    "name": "Nicolas Grekas",
                    "email": "p@tchwork.com"
                },
                {
                    "name": "Symfony Community",
                    "homepage": "https://symfony.com/contributors"
                }
            ],
            "description": "Symfony polyfill for the Mbstring extension",
            "homepage": "https://symfony.com",
            "keywords": [
                "compatibility",
                "mbstring",
                "polyfill",
                "portable",
                "shim"
            ],
            "time": "2018-04-26T10:06:28+00:00"
        },
        {
            "name": "vimeo/mill",
            "version": "3.0.2",
            "source": {
                "type": "git",
                "url": "https://github.com/vimeo/mill.git",
                "reference": "2515dbe683bf1b19dcdd7d5048376cef15024c6e"
            },
            "dist": {
                "type": "zip",
                "url": "https://api.github.com/repos/vimeo/mill/zipball/2515dbe683bf1b19dcdd7d5048376cef15024c6e",
                "reference": "2515dbe683bf1b19dcdd7d5048376cef15024c6e",
                "shasum": ""
            },
            "require": {
                "composer/semver": "^1.4",
                "dflydev/dot-access-data": "^1.0",
                "ext-xml": "*",
                "gossi/docblock": "^1.5",
                "league/flysystem": "^1.0",
                "nicmart/string-template": "^0.1.1",
                "ocramius/package-versions": "^1.1",
                "php": ">=7.1.0",
                "pimple/pimple": "^3.0",
                "symfony/console": "^3.2 || ^4.0"
            },
            "require-dev": {
                "league/flysystem-memory": "^1.0",
                "phpunit/phpunit": "^7.0",
                "squizlabs/php_codesniffer": "^3.0",
                "vimeo/psalm": "^1.0"
            },
            "suggest": {
                "ext-xml": "Required for config file processing."
            },
            "bin": [
                "bin/mill"
            ],
            "type": "library",
            "autoload": {
                "psr-4": {
                    "Mill\\": "src/"
                }
            },
            "notification-url": "https://packagist.org/downloads/",
            "license": [
                "MIT"
            ],
            "authors": [
                {
                    "name": "Jon Ursenbach",
                    "email": "jon@ursenba.ch"
                },
                {
                    "name": "Aaron Hedges",
                    "email": "aaron@dashron.com"
                }
            ],
            "description": "A PHP library for documenting a REST API with a small annotation DSL.",
            "time": "2018-03-21T22:36:18+00:00"
        }
    ],
    "packages-dev": [],
    "aliases": [],
    "minimum-stability": "stable",
    "stability-flags": [],
    "prefer-stable": false,
    "prefer-lowest": false,
    "platform": {
        "php": ">=7.0"
    },
    "platform-dev": []
}
